
Microsoft Visual Studio Solution File, Format Version 12.00
# Visual Studio Version 17
VisualStudioVersion = 17.1.32210.238
MinimumVisualStudioVersion = 10.0.40219.1
Project("{9A19103F-16F7-4668-BE54-9A1E7A4F7556}") = "Pericia.Osm.OpeningHours.Tests", "Pericia.Osm.OpeningHours.Tests\Pericia.Osm.OpeningHours.Tests.csproj", "{369842AB-8C0B-41B7-8477-D2005E48DDC2}"
EndProject
Project("{9A19103F-16F7-4668-BE54-9A1E7A4F7556}") = "Pericia.Osm.OpeningHours.Grammar", "Pericia.Osm.OpeningHours.Grammar\Pericia.Osm.OpeningHours.Grammar.csproj", "{9FC0516D-A637-446C-90AE-5499FAD652D2}"
EndProject
Global
	GlobalSection(SolutionConfigurationPlatforms) = preSolution
		Debug|Any CPU = Debug|Any CPU
		Release|Any CPU = Release|Any CPU
	EndGlobalSection
	GlobalSection(ProjectConfigurationPlatforms) = postSolution
		{369842AB-8C0B-41B7-8477-D2005E48DDC2}.Debug|Any CPU.ActiveCfg = Debug|Any CPU
		{369842AB-8C0B-41B7-8477-D2005E48DDC2}.Debug|Any CPU.Build.0 = Debug|Any CPU
		{369842AB-8C0B-41B7-8477-D2005E48DDC2}.Release|Any CPU.ActiveCfg = Release|Any CPU
		{369842AB-8C0B-41B7-8477-D2005E48DDC2}.Release|Any CPU.Build.0 = Release|Any CPU
		{9FC0516D-A637-446C-90AE-5499FAD652D2}.Debug|Any CPU.ActiveCfg = Debug|Any CPU
		{9FC0516D-A637-446C-90AE-5499FAD652D2}.Debug|Any CPU.Build.0 = Debug|Any CPU
		{9FC0516D-A637-446C-90AE-5499FAD652D2}.Release|Any CPU.ActiveCfg = Release|Any CPU
		{9FC0516D-A637-446C-90AE-5499FAD652D2}.Release|Any CPU.Build.0 = Release|Any CPU
	EndGlobalSection
	GlobalSection(SolutionProperties) = preSolution
		HideSolutionNode = FALSE
	EndGlobalSection
	GlobalSection(ExtensibilityGlobals) = postSolution
		SolutionGuid = {F8B41B37-7A46-4442-A334-3DFB78C7DD21}
	EndGlobalSection
EndGlobal
